
Microsoft Visual Studio Solution File, Format Version 12.00
# Visual Studio Version 16
VisualStudioVersion = 16.0.31205.134
MinimumVisualStudioVersion = 10.0.40219.1
Project("{8BC9CEB8-8B4A-11D0-8D11-00A0C91BC942}") = "hw5", "hw5\hw5.vcxproj", "{2240D09F-06DF-42CB-BB90-1FBD2E9D82F9}"
EndProject
Global
	GlobalSection(SolutionConfigurationPlatforms) = preSolution
		Debug|x64 = Debug|x64
		Debug|x86 = Debug|x86
		Release|x64 = Release|x64
		Release|x86 = Release|x86
	EndGlobalSection
	GlobalSection(ProjectConfigurationPlatforms) = postSolution
		{2240D09F-06DF-42CB-BB90-1FBD2E9D82F9}.Debug|x64.ActiveCfg = Debug|x64
		{2240D09F-06DF-42CB-BB90-1FBD2E9D82F9}.Debug|x64.Build.0 = Debug|x64
		{2240D09F-06DF-42CB-BB90-1FBD2E9D82F9}.Debug|x86.ActiveCfg = Debug|Win32
		{2240D09F-06DF-42CB-BB90-1FBD2E9D82F9}.Debug|x86.Build.0 = Debug|Win32
		{2240D09F-06DF-42CB-BB90-1FBD2E9D82F9}.Release|x64.ActiveCfg = Release|x64
		{2240D09F-06DF-42CB-BB90-1FBD2E9D82F9}.Release|x64.Build.0 = Release|x64
		{2240D09F-06DF-42CB-BB90-1FBD2E9D82F9}.Release|x86.ActiveCfg = Release|Win32
		{2240D09F-06DF-42CB-BB90-1FBD2E9D82F9}.Release|x86.Build.0 = Release|Win32
	EndGlobalSection
	GlobalSection(SolutionProperties) = preSolution
		HideSolutionNode = FALSE
	EndGlobalSection
	GlobalSection(ExtensibilityGlobals) = postSolution
		SolutionGuid = {9C4532A6-B842-4B19-9A08-C3F28371ED37}
	EndGlobalSection
EndGlobal
